
Microsoft Visual Studio Solution File, Format Version 12.00
# Visual Studio Version 16
VisualStudioVersion = 16.0.28917.181
MinimumVisualStudioVersion = 10.0.40219.1
Project("{FAE04EC0-301F-11D3-BF4B-00C04F79EFBC}") = "corona-bot", "corona-bot.csproj", "{474900EB-7C20-4C30-9087-B93A42392814}"
EndProject
Global
	GlobalSection(SolutionConfigurationPlatforms) = preSolution
		Debug|Any CPU = Debug|Any CPU
		Release|Any CPU = Release|Any CPU
	EndGlobalSection
	GlobalSection(ProjectConfigurationPlatforms) = postSolution
		{474900EB-7C20-4C30-9087-B93A42392814}.Debug|Any CPU.ActiveCfg = Debug|Any CPU
		{474900EB-7C20-4C30-9087-B93A42392814}.Debug|Any CPU.Build.0 = Debug|Any CPU
		{474900EB-7C20-4C30-9087-B93A42392814}.Release|Any CPU.ActiveCfg = Release|Any CPU
		{474900EB-7C20-4C30-9087-B93A42392814}.Release|Any CPU.Build.0 = Release|Any CPU
	EndGlobalSection
	GlobalSection(SolutionProperties) = preSolution
		HideSolutionNode = FALSE
	EndGlobalSection
	GlobalSection(ExtensibilityGlobals) = postSolution
		SolutionGuid = {B96EEBD1-616C-4387-85EA-624E57A0A741}
	EndGlobalSection
EndGlobal
